// !$*UTF8*$!
{
	archiveVersion = 1;
	classes = {
	};
	objectVersion = 55;
	objects = {

/* Begin PBXBuildFile section */
		FE06AF6028DA25E900B61923 /* AppDelegate.swift in Sources */ = {isa = PBXBuildFile; fileRef = FE06AF5F28DA25E900B61923 /* AppDelegate.swift */; };
		FE06AF6228DA25E900B61923 /* SceneDelegate.swift in Sources */ = {isa = PBXBuildFile; fileRef = FE06AF6128DA25E900B61923 /* SceneDelegate.swift */; };
		FE06AF6428DA25E900B61923 /* ViewController.swift in Sources */ = {isa = PBXBuildFile; fileRef = FE06AF6328DA25E900B61923 /* ViewController.swift */; };
		FE06AF6728DA25E900B61923 /* Main.storyboard in Resources */ = {isa = PBXBuildFile; fileRef = FE06AF6528DA25E900B61923 /* Main.storyboard */; };
		FE06AF6928DA25EE00B61923 /* Assets.xcassets in Resources */ = {isa = PBXBuildFile; fileRef = FE06AF6828DA25EE00B61923 /* Assets.xcassets */; };
		FE06AF6C28DA25EE00B61923 /* LaunchScreen.storyboard in Resources */ = {isa = PBXBuildFile; fileRef = FE06AF6A28DA25EE00B61923 /* LaunchScreen.storyboard */; };
		FE06AF7728DA25EF00B61923 /* Infobric_DemoTests.swift in Sources */ = {isa = PBXBuildFile; fileRef = FE06AF7628DA25EF00B61923 /* Infobric_DemoTests.swift */; };
		FE06AF8128DA25EF00B61923 /* Infobric_DemoUITests.swift in Sources */ = {isa = PBXBuildFile; fileRef = FE06AF8028DA25EF00B61923 /* Infobric_DemoUITests.swift */; };
		FE06AF8328DA25EF00B61923 /* Infobric_DemoUITestsLaunchTests.swift in Sources */ = {isa = PBXBuildFile; fileRef = FE06AF8228DA25EF00B61923 /* Infobric_DemoUITestsLaunchTests.swift */; };
/* End PBXBuildFile section */

/* Begin PBXContainerItemProxy section */
		FE06AF7328DA25EF00B61923 /* PBXContainerItemProxy */ = {
			isa = PBXContainerItemProxy;
			containerPortal = FE06AF5428DA25E900B61923 /* Project object */;
			proxyType = 1;
			remoteGlobalIDString = FE06AF5B28DA25E900B61923;
			remoteInfo = "Infobric Demo";
		};
		FE06AF7D28DA25EF00B61923 /* PBXContainerItemProxy */ = {
			isa = PBXContainerItemProxy;
			containerPortal = FE06AF5428DA25E900B61923 /* Project object */;
			proxyType = 1;
			remoteGlobalIDString = FE06AF5B28DA25E900B61923;
			remoteInfo = "Infobric Demo";
		};
/* End PBXContainerItemProxy section */

/* Begin PBXFileReference section */
		FE06AF5C28DA25E900B61923 /* Infobric Demo.app */ = {isa = PBXFileReference; explicitFileType = wrapper.application; includeInIndex = 0; path = "Infobric Demo.app"; sourceTree = BUILT_PRODUCTS_DIR; };
		FE06AF5F28DA25E900B61923 /* AppDelegate.swift */ = {isa = PBXFileReference; lastKnownFileType = sourcecode.swift; path = AppDelegate.swift; sourceTree = "<group>"; };
		FE06AF6128DA25E900B61923 /* SceneDelegate.swift */ = {isa = PBXFileReference; lastKnownFileType = sourcecode.swift; path = SceneDelegate.swift; sourceTree = "<group>"; };
		FE06AF6328DA25E900B61923 /* ViewController.swift */ = {isa = PBXFileReference; lastKnownFileType = sourcecode.swift; path = ViewController.swift; sourceTree = "<group>"; };
		FE06AF6628DA25E900B61923 /* Base */ = {isa = PBXFileReference; lastKnownFileType = file.storyboard; name = Base; path = Base.lproj/Main.storyboard; sourceTree = "<group>"; };
		FE06AF6828DA25EE00B61923 /* Assets.xcassets */ = {isa = PBXFileReference; lastKnownFileType = folder.assetcatalog; path = Assets.xcassets; sourceTree = "<group>"; };
		FE06AF6B28DA25EE00B61923 /* Base */ = {isa = PBXFileReference; lastKnownFileType = file.storyboard; name = Base; path = Base.lproj/LaunchScreen.storyboard; sourceTree = "<group>"; };
		FE06AF6D28DA25EE00B61923 /* Info.plist */ = {isa = PBXFileReference; lastKnownFileType = text.plist.xml; path = Info.plist; sourceTree = "<group>"; };
		FE06AF7228DA25EF00B61923 /* Infobric DemoTests.xctest */ = {isa = PBXFileReference; explicitFileType = wrapper.cfbundle; includeInIndex = 0; path = "Infobric DemoTests.xctest"; sourceTree = BUILT_PRODUCTS_DIR; };
		FE06AF7628DA25EF00B61923 /* Infobric_DemoTests.swift */ = {isa = PBXFileReference; lastKnownFileType = sourcecode.swift; path = Infobric_DemoTests.swift; sourceTree = "<group>"; };
		FE06AF7C28DA25EF00B61923 /* Infobric DemoUITests.xctest */ = {isa = PBXFileReference; explicitFileType = wrapper.cfbundle; includeInIndex = 0; path = "Infobric DemoUITests.xctest"; sourceTree = BUILT_PRODUCTS_DIR; };
		FE06AF8028DA25EF00B61923 /* Infobric_DemoUITests.swift */ = {isa = PBXFileReference; lastKnownFileType = sourcecode.swift; path = Infobric_DemoUITests.swift; sourceTree = "<group>"; };
		FE06AF8228DA25EF00B61923 /* Infobric_DemoUITestsLaunchTests.swift */ = {isa = PBXFileReference; lastKnownFileType = sourcecode.swift; path = Infobric_DemoUITestsLaunchTests.swift; sourceTree = "<group>"; };
/* End PBXFileReference section */

/* Begin PBXFrameworksBuildPhase section */
		FE06AF5928DA25E900B61923 /* Frameworks */ = {
			isa = PBXFrameworksBuildPhase;
			buildActionMask = 2147483647;
			files = (
			);
			runOnlyForDeploymentPostprocessing = 0;
		};
		FE06AF6F28DA25EF00B61923 /* Frameworks */ = {
			isa = PBXFrameworksBuildPhase;
			buildActionMask = 2147483647;
			files = (
			);
			runOnlyForDeploymentPostprocessing = 0;
		};
		FE06AF7928DA25EF00B61923 /* Frameworks */ = {
			isa = PBXFrameworksBuildPhase;
			buildActionMask = 2147483647;
			files = (
			);
			runOnlyForDeploymentPostprocessing = 0;
		};
/* End PBXFrameworksBuildPhase section */

/* Begin PBXGroup section */
		FE06AF5328DA25E900B61923 = {
			isa = PBXGroup;
			children = (
				FE06AF5E28DA25E900B61923 /* Infobric Demo */,
				FE06AF7528DA25EF00B61923 /* Infobric DemoTests */,
				FE06AF7F28DA25EF00B61923 /* Infobric DemoUITests */,
				FE06AF5D28DA25E900B61923 /* Products */,
			);
			sourceTree = "<group>";
		};
		FE06AF5D28DA25E900B61923 /* Products */ = {
			isa = PBXGroup;
			children = (
				FE06AF5C28DA25E900B61923 /* Infobric Demo.app */,
				FE06AF7228DA25EF00B61923 /* Infobric DemoTests.xctest */,
				FE06AF7C28DA25EF00B61923 /* Infobric DemoUITests.xctest */,
			);
			name = Products;
			sourceTree = "<group>";
		};
		FE06AF5E28DA25E900B61923 /* Infobric Demo */ = {
			isa = PBXGroup;
			children = (
				FE06AF5F28DA25E900B61923 /* AppDelegate.swift */,
				FE06AF6128DA25E900B61923 /* SceneDelegate.swift */,
				FE06AF6328DA25E900B61923 /* ViewController.swift */,
				FE06AF6528DA25E900B61923 /* Main.storyboard */,
				FE06AF6828DA25EE00B61923 /* Assets.xcassets */,
				FE06AF6A28DA25EE00B61923 /* LaunchScreen.storyboard */,
				FE06AF6D28DA25EE00B61923 /* Info.plist */,
			);
			path = "Infobric Demo";
			sourceTree = "<group>";
		};
		FE06AF7528DA25EF00B61923 /* Infobric DemoTests */ = {
			isa = PBXGroup;
			children = (
				FE06AF7628DA25EF00B61923 /* Infobric_DemoTests.swift */,
			);
			path = "Infobric DemoTests";
			sourceTree = "<group>";
		};
		FE06AF7F28DA25EF00B61923 /* Infobric DemoUITests */ = {
			isa = PBXGroup;
			children = (
				FE06AF8028DA25EF00B61923 /* Infobric_DemoUITests.swift */,
				FE06AF8228DA25EF00B61923 /* Infobric_DemoUITestsLaunchTests.swift */,
			);
			path = "Infobric DemoUITests";
			sourceTree = "<group>";
		};
/* End PBXGroup section */

/* Begin PBXNativeTarget section */
		FE06AF5B28DA25E900B61923 /* Infobric Demo */ = {
			isa = PBXNativeTarget;
			buildConfigurationList = FE06AF8628DA25EF00B61923 /* Build configuration list for PBXNativeTarget "Infobric Demo" */;
			buildPhases = (
				FE06AF5828DA25E900B61923 /* Sources */,
				FE06AF5928DA25E900B61923 /* Frameworks */,
				FE06AF5A28DA25E900B61923 /* Resources */,
			);
			buildRules = (
			);
			dependencies = (
			);
			name = "Infobric Demo";
			productName = "Infobric Demo";
			productReference = FE06AF5C28DA25E900B61923 /* Infobric Demo.app */;
			productType = "com.apple.product-type.application";
		};
		FE06AF7128DA25EF00B61923 /* Infobric DemoTests */ = {
			isa = PBXNativeTarget;
			buildConfigurationList = FE06AF8928DA25EF00B61923 /* Build configuration list for PBXNativeTarget "Infobric DemoTests" */;
			buildPhases = (
				FE06AF6E28DA25EF00B61923 /* Sources */,
				FE06AF6F28DA25EF00B61923 /* Frameworks */,
				FE06AF7028DA25EF00B61923 /* Resources */,
			);
			buildRules = (
			);
			dependencies = (
				FE06AF7428DA25EF00B61923 /* PBXTargetDependency */,
			);
			name = "Infobric DemoTests";
			productName = "Infobric DemoTests";
			productReference = FE06AF7228DA25EF00B61923 /* Infobric DemoTests.xctest */;
			productType = "com.apple.product-type.bundle.unit-test";
		};
		FE06AF7B28DA25EF00B61923 /* Infobric DemoUITests */ = {
			isa = PBXNativeTarget;
			buildConfigurationList = FE06AF8C28DA25EF00B61923 /* Build configuration list for PBXNativeTarget "Infobric DemoUITests" */;
			buildPhases = (
				FE06AF7828DA25EF00B61923 /* Sources */,
				FE06AF7928DA25EF00B61923 /* Frameworks */,
				FE06AF7A28DA25EF00B61923 /* Resources */,
			);
			buildRules = (
			);
			dependencies = (
				FE06AF7E28DA25EF00B61923 /* PBXTargetDependency */,
			);
			name = "Infobric DemoUITests";
			productName = "Infobric DemoUITests";
			productReference = FE06AF7C28DA25EF00B61923 /* Infobric DemoUITests.xctest */;
			productType = "com.apple.product-type.bundle.ui-testing";
		};
/* End PBXNativeTarget section */

/* Begin PBXProject section */
		FE06AF5428DA25E900B61923 /* Project object */ = {
			isa = PBXProject;
			attributes = {
				BuildIndependentTargetsInParallel = 1;
				LastSwiftUpdateCheck = 1340;
				LastUpgradeCheck = 1340;
				TargetAttributes = {
					FE06AF5B28DA25E900B61923 = {
						CreatedOnToolsVersion = 13.4.1;
					};
					FE06AF7128DA25EF00B61923 = {
						CreatedOnToolsVersion = 13.4.1;
						TestTargetID = FE06AF5B28DA25E900B61923;
					};
					FE06AF7B28DA25EF00B61923 = {
						CreatedOnToolsVersion = 13.4.1;
						TestTargetID = FE06AF5B28DA25E900B61923;
					};
				};
			};
			buildConfigurationList = FE06AF5728DA25E900B61923 /* Build configuration list for PBXProject "Infobric Demo" */;
			compatibilityVersion = "Xcode 13.0";
			developmentRegion = en;
			hasScannedForEncodings = 0;
			knownRegions = (
				en,
				Base,
			);
			mainGroup = FE06AF5328DA25E900B61923;
			productRefGroup = FE06AF5D28DA25E900B61923 /* Products */;
			projectDirPath = "";
			projectRoot = "";
			targets = (
				FE06AF5B28DA25E900B61923 /* Infobric Demo */,
				FE06AF7128DA25EF00B61923 /* Infobric DemoTests */,
				FE06AF7B28DA25EF00B61923 /* Infobric DemoUITests */,
			);
		};
/* End PBXProject section */

/* Begin PBXResourcesBuildPhase section */
		FE06AF5A28DA25E900B61923 /* Resources */ = {
			isa = PBXResourcesBuildPhase;
			buildActionMask = 2147483647;
			files = (
				FE06AF6C28DA25EE00B61923 /* LaunchScreen.storyboard in Resources */,
				FE06AF6928DA25EE00B61923 /* Assets.xcassets in Resources */,
				FE06AF6728DA25E900B61923 /* Main.storyboard in Resources */,
			);
			runOnlyForDeploymentPostprocessing = 0;
		};
		FE06AF7028DA25EF00B61923 /* Resources */ = {
			isa = PBXResourcesBuildPhase;
			buildActionMask = 2147483647;
			files = (
			);
			runOnlyForDeploymentPostprocessing = 0;
		};
		FE06AF7A28DA25EF00B61923 /* Resources */ = {
			isa = PBXResourcesBuildPhase;
			buildActionMask = 2147483647;
			files = (
			);
			runOnlyForDeploymentPostprocessing = 0;
		};
/* End PBXResourcesBuildPhase section */

/* Begin PBXSourcesBuildPhase section */
		FE06AF5828DA25E900B61923 /* Sources */ = {
			isa = PBXSourcesBuildPhase;
			buildActionMask = 2147483647;
			files = (
				FE06AF6428DA25E900B61923 /* ViewController.swift in Sources */,
				FE06AF6028DA25E900B61923 /* AppDelegate.swift in Sources */,
				FE06AF6228DA25E900B61923 /* SceneDelegate.swift in Sources */,
			);
			runOnlyForDeploymentPostprocessing = 0;
		};
		FE06AF6E28DA25EF00B61923 /* Sources */ = {
			isa = PBXSourcesBuildPhase;
			buildActionMask = 2147483647;
			files = (
				FE06AF7728DA25EF00B61923 /* Infobric_DemoTests.swift in Sources */,
			);
			runOnlyForDeploymentPostprocessing = 0;
		};
		FE06AF7828DA25EF00B61923 /* Sources */ = {
			isa = PBXSourcesBuildPhase;
			buildActionMask = 2147483647;
			files = (
				FE06AF8128DA25EF00B61923 /* Infobric_DemoUITests.swift in Sources */,
				FE06AF8328DA25EF00B61923 /* Infobric_DemoUITestsLaunchTests.swift in Sources */,
			);
			runOnlyForDeploymentPostprocessing = 0;
		};
/* End PBXSourcesBuildPhase section */

/* Begin PBXTargetDependency section */
		FE06AF7428DA25EF00B61923 /* PBXTargetDependency */ = {
			isa = PBXTargetDependency;
			target = FE06AF5B28DA25E900B61923 /* Infobric Demo */;
			targetProxy = FE06AF7328DA25EF00B61923 /* PBXContainerItemProxy */;
		};
		FE06AF7E28DA25EF00B61923 /* PBXTargetDependency */ = {
			isa = PBXTargetDependency;
			target = FE06AF5B28DA25E900B61923 /* Infobric Demo */;
			targetProxy = FE06AF7D28DA25EF00B61923 /* PBXContainerItemProxy */;
		};
/* End PBXTargetDependency section */

/* Begin PBXVariantGroup section */
		FE06AF6528DA25E900B61923 /* Main.storyboard */ = {
			isa = PBXVariantGroup;
			children = (
				FE06AF6628DA25E900B61923 /* Base */,
			);
			name = Main.storyboard;
			sourceTree = "<group>";
		};
		FE06AF6A28DA25EE00B61923 /* LaunchScreen.storyboard */ = {
			isa = PBXVariantGroup;
			children = (
				FE06AF6B28DA25EE00B61923 /* Base */,
			);
			name = LaunchScreen.storyboard;
			sourceTree = "<group>";
		};
/* End PBXVariantGroup section */

/* Begin XCBuildConfiguration section */
		FE06AF8428DA25EF00B61923 /* Debug */ = {
			isa = XCBuildConfiguration;
			buildSettings = {
				ALWAYS_SEARCH_USER_PATHS = NO;
				CLANG_ANALYZER_NONNULL = YES;
				CLANG_ANALYZER_NUMBER_OBJECT_CONVERSION = YES_AGGRESSIVE;
				CLANG_CXX_LANGUAGE_STANDARD = "gnu++17";
				CLANG_ENABLE_MODULES = YES;
				CLANG_ENABLE_OBJC_ARC = YES;
				CLANG_ENABLE_OBJC_WEAK = YES;
				CLANG_WARN_BLOCK_CAPTURE_AUTORELEASING = YES;
				CLANG_WARN_BOOL_CONVERSION = YES;
				CLANG_WARN_COMMA = YES;
				CLANG_WARN_CONSTANT_CONVERSION = YES;
				CLANG_WARN_DEPRECATED_OBJC_IMPLEMENTATIONS = YES;
				CLANG_WARN_DIRECT_OBJC_ISA_USAGE = YES_ERROR;
				CLANG_WARN_DOCUMENTATION_COMMENTS = YES;
				CLANG_WARN_EMPTY_BODY = YES;
				CLANG_WARN_ENUM_CONVERSION = YES;
				CLANG_WARN_INFINITE_RECURSION = YES;
				CLANG_WARN_INT_CONVERSION = YES;
				CLANG_WARN_NON_LITERAL_NULL_CONVERSION = YES;
				CLANG_WARN_OBJC_IMPLICIT_RETAIN_SELF = YES;
				CLANG_WARN_OBJC_LITERAL_CONVERSION = YES;
				CLANG_WARN_OBJC_ROOT_CLASS = YES_ERROR;
				CLANG_WARN_QUOTED_INCLUDE_IN_FRAMEWORK_HEADER = YES;
				CLANG_WARN_RANGE_LOOP_ANALYSIS = YES;
				CLANG_WARN_STRICT_PROTOTYPES = YES;
				CLANG_WARN_SUSPICIOUS_MOVE = YES;
				CLANG_WARN_UNGUARDED_AVAILABILITY = YES_AGGRESSIVE;
				CLANG_WARN_UNREACHABLE_CODE = YES;
				CLANG_WARN__DUPLICATE_METHOD_MATCH = YES;
				COPY_PHASE_STRIP = NO;
				DEBUG_INFORMATION_FORMAT = dwarf;
				ENABLE_STRICT_OBJC_MSGSEND = YES;
				ENABLE_TESTABILITY = YES;
				GCC_C_LANGUAGE_STANDARD = gnu11;
				GCC_DYNAMIC_NO_PIC = NO;
				GCC_NO_COMMON_BLOCKS = YES;
				GCC_OPTIMIZATION_LEVEL = 0;
				GCC_PREPROCESSOR_DEFINITIONS = (
					"DEBUG=1",
					"$(inherited)",
				);
				GCC_WARN_64_TO_32_BIT_CONVERSION = YES;
				GCC_WARN_ABOUT_RETURN_TYPE = YES_ERROR;
				GCC_WARN_UNDECLARED_SELECTOR = YES;
				GCC_WARN_UNINITIALIZED_AUTOS = YES_AGGRESSIVE;
				GCC_WARN_UNUSED_FUNCTION = YES;
				GCC_WARN_UNUSED_VARIABLE = YES;
				IPHONEOS_DEPLOYMENT_TARGET = 15.5;
				MTL_ENABLE_DEBUG_INFO = INCLUDE_SOURCE;
				MTL_FAST_MATH = YES;
				ONLY_ACTIVE_ARCH = YES;
				SDKROOT = iphoneos;
				SWIFT_ACTIVE_COMPILATION_CONDITIONS = DEBUG;
				SWIFT_OPTIMIZATION_LEVEL = "-Onone";
			};
			name = Debug;
		};
		FE06AF8528DA25EF00B61923 /* Release */ = {
			isa = XCBuildConfiguration;
			buildSettings = {
				ALWAYS_SEARCH_USER_PATHS = NO;
				CLANG_ANALYZER_NONNULL = YES;
				CLANG_ANALYZER_NUMBER_OBJECT_CONVERSION = YES_AGGRESSIVE;
				CLANG_CXX_LANGUAGE_STANDARD = "gnu++17";
				CLANG_ENABLE_MODULES = YES;
				CLANG_ENABLE_OBJC_ARC = YES;
				CLANG_ENABLE_OBJC_WEAK = YES;
				CLANG_WARN_BLOCK_CAPTURE_AUTORELEASING = YES;
				CLANG_WARN_BOOL_CONVERSION = YES;
				CLANG_WARN_COMMA = YES;
				CLANG_WARN_CONSTANT_CONVERSION = YES;
				CLANG_WARN_DEPRECATED_OBJC_IMPLEMENTATIONS = YES;
				CLANG_WARN_DIRECT_OBJC_ISA_USAGE = YES_ERROR;
				CLANG_WARN_DOCUMENTATION_COMMENTS = YES;
				CLANG_WARN_EMPTY_BODY = YES;
				CLANG_WARN_ENUM_CONVERSION = YES;
				CLANG_WARN_INFINITE_RECURSION = YES;
				CLANG_WARN_INT_CONVERSION = YES;
				CLANG_WARN_NON_LITERAL_NULL_CONVERSION = YES;
				CLANG_WARN_OBJC_IMPLICIT_RETAIN_SELF = YES;
				CLANG_WARN_OBJC_LITERAL_CONVERSION = YES;
				CLANG_WARN_OBJC_ROOT_CLASS = YES_ERROR;
				CLANG_WARN_QUOTED_INCLUDE_IN_FRAMEWORK_HEADER = YES;
				CLANG_WARN_RANGE_LOOP_ANALYSIS = YES;
				CLANG_WARN_STRICT_PROTOTYPES = YES;
				CLANG_WARN_SUSPICIOUS_MOVE = YES;
				CLANG_WARN_UNGUARDED_AVAILABILITY = YES_AGGRESSIVE;
				CLANG_WARN_UNREACHABLE_CODE = YES;
				CLANG_WARN__DUPLICATE_METHOD_MATCH = YES;
				COPY_PHASE_STRIP = NO;
				DEBUG_INFORMATION_FORMAT = "dwarf-with-dsym";
				ENABLE_NS_ASSERTIONS = NO;
				ENABLE_STRICT_OBJC_MSGSEND = YES;
				GCC_C_LANGUAGE_STANDARD = gnu11;
				GCC_NO_COMMON_BLOCKS = YES;
				GCC_WARN_64_TO_32_BIT_CONVERSION = YES;
				GCC_WARN_ABOUT_RETURN_TYPE = YES_ERROR;
				GCC_WARN_UNDECLARED_SELECTOR = YES;
				GCC_WARN_UNINITIALIZED_AUTOS = YES_AGGRESSIVE;
				GCC_WARN_UNUSED_FUNCTION = YES;
				GCC_WARN_UNUSED_VARIABLE = YES;
				IPHONEOS_DEPLOYMENT_TARGET = 15.5;
				MTL_ENABLE_DEBUG_INFO = NO;
				MTL_FAST_MATH = YES;
				SDKROOT = iphoneos;
				SWIFT_COMPILATION_MODE = wholemodule;
				SWIFT_OPTIMIZATION_LEVEL = "-O";
				VALIDATE_PRODUCT = YES;
			};
			name = Release;
		};
		FE06AF8728DA25EF00B61923 /* Debug */ = {
			isa = XCBuildConfiguration;
			buildSettings = {
				ASSETCATALOG_COMPILER_APPICON_NAME = AppIcon;
				ASSETCATALOG_COMPILER_GLOBAL_ACCENT_COLOR_NAME = AccentColor;
				CODE_SIGN_STYLE = Automatic;
				CURRENT_PROJECT_VERSION = 1;
				DEVELOPMENT_TEAM = 2WY7A63PTV;
				GENERATE_INFOPLIST_FILE = YES;
				INFOPLIST_FILE = "Infobric Demo/Info.plist";
				INFOPLIST_KEY_UIApplicationSupportsIndirectInputEvents = YES;
				INFOPLIST_KEY_UILaunchStoryboardName = LaunchScreen;
				INFOPLIST_KEY_UIMainStoryboardFile = Main;
				INFOPLIST_KEY_UISupportedInterfaceOrientations_iPad = "UIInterfaceOrientationPortrait UIInterfaceOrientationPortraitUpsideDown UIInterfaceOrientationLandscapeLeft UIInterfaceOrientationLandscapeRight";
				INFOPLIST_KEY_UISupportedInterfaceOrientations_iPhone = "UIInterfaceOrientationPortrait UIInterfaceOrientationLandscapeLeft UIInterfaceOrientationLandscapeRight";
				LD_RUNPATH_SEARCH_PATHS = (
					"$(inherited)",
					"@executable_path/Frameworks",
				);
				MARKETING_VERSION = 1.0;
				PRODUCT_BUNDLE_IDENTIFIER = "com.codewithdilan.Infobric-Demo";
				PRODUCT_NAME = "$(TARGET_NAME)";
				SWIFT_EMIT_LOC_STRINGS = YES;
				SWIFT_VERSION = 5.0;
				TARGETED_DEVICE_FAMILY = "1,2";
			};
			name = Debug;
		};
		FE06AF8828DA25EF00B61923 /* Release */ = {
			isa = XCBuildConfiguration;
			buildSettings = {
				ASSETCATALOG_COMPILER_APPICON_NAME = AppIcon;
				ASSETCATALOG_COMPILER_GLOBAL_ACCENT_COLOR_NAME = AccentColor;
				CODE_SIGN_STYLE = Automatic;
				CURRENT_PROJECT_VERSION = 1;
				DEVELOPMENT_TEAM = 2WY7A63PTV;
				GENERATE_INFOPLIST_FILE = YES;
				INFOPLIST_FILE = "Infobric Demo/Info.plist";
				INFOPLIST_KEY_UIApplicationSupportsIndirectInputEvents = YES;
				INFOPLIST_KEY_UILaunchStoryboardName = LaunchScreen;
				INFOPLIST_KEY_UIMainStoryboardFile = Main;
				INFOPLIST_KEY_UISupportedInterfaceOrientations_iPad = "UIInterfaceOrientationPortrait UIInterfaceOrientationPortraitUpsideDown UIInterfaceOrientationLandscapeLeft UIInterfaceOrientationLandscapeRight";
				INFOPLIST_KEY_UISupportedInterfaceOrientations_iPhone = "UIInterfaceOrientationPortrait UIInterfaceOrientationLandscapeLeft UIInterfaceOrientationLandscapeRight";
				LD_RUNPATH_SEARCH_PATHS = (
					"$(inherited)",
					"@executable_path/Frameworks",
				);
				MARKETING_VERSION = 1.0;
				PRODUCT_BUNDLE_IDENTIFIER = "com.codewithdilan.Infobric-Demo";
				PRODUCT_NAME = "$(TARGET_NAME)";
				SWIFT_EMIT_LOC_STRINGS = YES;
				SWIFT_VERSION = 5.0;
				TARGETED_DEVICE_FAMILY = "1,2";
			};
			name = Release;
		};
		FE06AF8A28DA25EF00B61923 /* Debug */ = {
			isa = XCBuildConfiguration;
			buildSettings = {
				ALWAYS_EMBED_SWIFT_STANDARD_LIBRARIES = YES;
				BUNDLE_LOADER = "$(TEST_HOST)";
				CODE_SIGN_STYLE = Automatic;
				CURRENT_PROJECT_VERSION = 1;
				DEVELOPMENT_TEAM = 2WY7A63PTV;
				GENERATE_INFOPLIST_FILE = YES;
				IPHONEOS_DEPLOYMENT_TARGET = 15.5;
				MARKETING_VERSION = 1.0;
				PRODUCT_BUNDLE_IDENTIFIER = "com.codewithdilan.Infobric-DemoTests";
				PRODUCT_NAME = "$(TARGET_NAME)";
				SWIFT_EMIT_LOC_STRINGS = NO;
				SWIFT_VERSION = 5.0;
				TARGETED_DEVICE_FAMILY = "1,2";
				TEST_HOST = "$(BUILT_PRODUCTS_DIR)/Infobric Demo.app/Infobric Demo";
			};
			name = Debug;
		};
		FE06AF8B28DA25EF00B61923 /* Release */ = {
			isa = XCBuildConfiguration;
			buildSettings = {
				ALWAYS_EMBED_SWIFT_STANDARD_LIBRARIES = YES;
				BUNDLE_LOADER = "$(TEST_HOST)";
				CODE_SIGN_STYLE = Automatic;
				CURRENT_PROJECT_VERSION = 1;
				DEVELOPMENT_TEAM = 2WY7A63PTV;
				GENERATE_INFOPLIST_FILE = YES;
				IPHONEOS_DEPLOYMENT_TARGET = 15.5;
				MARKETING_VERSION = 1.0;
				PRODUCT_BUNDLE_IDENTIFIER = "com.codewithdilan.Infobric-DemoTests";
				PRODUCT_NAME = "$(TARGET_NAME)";
				SWIFT_EMIT_LOC_STRINGS = NO;
				SWIFT_VERSION = 5.0;
				TARGETED_DEVICE_FAMILY = "1,2";
				TEST_HOST = "$(BUILT_PRODUCTS_DIR)/Infobric Demo.app/Infobric Demo";
			};
			name = Release;
		};
		FE06AF8D28DA25EF00B61923 /* Debug */ = {
			isa = XCBuildConfiguration;
			buildSettings = {
				ALWAYS_EMBED_SWIFT_STANDARD_LIBRARIES = YES;
				CODE_SIGN_STYLE = Automatic;
				CURRENT_PROJECT_VERSION = 1;
				DEVELOPMENT_TEAM = 2WY7A63PTV;
				GENERATE_INFOPLIST_FILE = YES;
				MARKETING_VERSION = 1.0;
				PRODUCT_BUNDLE_IDENTIFIER = "com.codewithdilan.Infobric-DemoUITests";
				PRODUCT_NAME = "$(TARGET_NAME)";
				SWIFT_EMIT_LOC_STRINGS = NO;
				SWIFT_VERSION = 5.0;
				TARGETED_DEVICE_FAMILY = "1,2";
				TEST_TARGET_NAME = "Infobric Demo";
			};
			name = Debug;
		};
		FE06AF8E28DA25EF00B61923 /* Release */ = {
			isa = XCBuildConfiguration;
			buildSettings = {
				ALWAYS_EMBED_SWIFT_STANDARD_LIBRARIES = YES;
				CODE_SIGN_STYLE = Automatic;
				CURRENT_PROJECT_VERSION = 1;
				DEVELOPMENT_TEAM = 2WY7A63PTV;
				GENERATE_INFOPLIST_FILE = YES;
				MARKETING_VERSION = 1.0;
				PRODUCT_BUNDLE_IDENTIFIER = "com.codewithdilan.Infobric-DemoUITests";
				PRODUCT_NAME = "$(TARGET_NAME)";
				SWIFT_EMIT_LOC_STRINGS = NO;
				SWIFT_VERSION = 5.0;
				TARGETED_DEVICE_FAMILY = "1,2";
				TEST_TARGET_NAME = "Infobric Demo";
			};
			name = Release;
		};
/* End XCBuildConfiguration section */

/* Begin XCConfigurationList section */
		FE06AF5728DA25E900B61923 /* Build configuration list for PBXProject "Infobric Demo" */ = {
			isa = XCConfigurationList;
			buildConfigurations = (
				FE06AF8428DA25EF00B61923 /* Debug */,
				FE06AF8528DA25EF00B61923 /* Release */,
			);
			defaultConfigurationIsVisible = 0;
			defaultConfigurationName = Release;
		};
		FE06AF8628DA25EF00B61923 /* Build configuration list for PBXNativeTarget "Infobric Demo" */ = {
			isa = XCConfigurationList;
			buildConfigurations = (
				FE06AF8728DA25EF00B61923 /* Debug */,
				FE06AF8828DA25EF00B61923 /* Release */,
			);
			defaultConfigurationIsVisible = 0;
			defaultConfigurationName = Release;
		};
		FE06AF8928DA25EF00B61923 /* Build configuration list for PBXNativeTarget "Infobric DemoTests" */ = {
			isa = XCConfigurationList;
			buildConfigurations = (
				FE06AF8A28DA25EF00B61923 /* Debug */,
				FE06AF8B28DA25EF00B61923 /* Release */,
			);
			defaultConfigurationIsVisible = 0;
			defaultConfigurationName = Release;
		};
		FE06AF8C28DA25EF00B61923 /* Build configuration list for PBXNativeTarget "Infobric DemoUITests" */ = {
			isa = XCConfigurationList;
			buildConfigurations = (
				FE06AF8D28DA25EF00B61923 /* Debug */,
				FE06AF8E28DA25EF00B61923 /* Release */,
			);
			defaultConfigurationIsVisible = 0;
			defaultConfigurationName = Release;
		};
/* End XCConfigurationList section */
	};
	rootObject = FE06AF5428DA25E900B61923 /* Project object */;
}
